
Microsoft Visual Studio Solution File, Format Version 12.00
# Visual Studio Version 17
VisualStudioVersion = 17.5.33424.131
MinimumVisualStudioVersion = 10.0.40219.1
Project("{FAE04EC0-301F-11D3-BF4B-00C04F79EFBC}") = "CryptocurrencyWPFApp", "CryptocurrencyWPFApp.csproj", "{F507FFE2-FA2A-408B-AD51-C9ADC56561B6}"
EndProject
Global
	GlobalSection(SolutionConfigurationPlatforms) = preSolution
		Debug|Any CPU = Debug|Any CPU
		Release|Any CPU = Release|Any CPU
	EndGlobalSection
	GlobalSection(ProjectConfigurationPlatforms) = postSolution
		{F507FFE2-FA2A-408B-AD51-C9ADC56561B6}.Debug|Any CPU.ActiveCfg = Debug|Any CPU
		{F507FFE2-FA2A-408B-AD51-C9ADC56561B6}.Debug|Any CPU.Build.0 = Debug|Any CPU
		{F507FFE2-FA2A-408B-AD51-C9ADC56561B6}.Release|Any CPU.ActiveCfg = Release|Any CPU
		{F507FFE2-FA2A-408B-AD51-C9ADC56561B6}.Release|Any CPU.Build.0 = Release|Any CPU
	EndGlobalSection
	GlobalSection(SolutionProperties) = preSolution
		HideSolutionNode = FALSE
	EndGlobalSection
	GlobalSection(ExtensibilityGlobals) = postSolution
		SolutionGuid = {4E6D753A-D9A3-40B1-B824-4899715AFFA0}
	EndGlobalSection
EndGlobal
